
Microsoft Visual Studio Solution File, Format Version 12.00
# Visual Studio Version 16
VisualStudioVersion = 16.0.31321.278
MinimumVisualStudioVersion = 10.0.40219.1
Project("{9A19103F-16F7-4668-BE54-9A1E7A4F7556}") = "cinemasusu", "cinemasusu\cinemasusu.csproj", "{4370E149-9EE7-4EC9-AAAB-7E8DA770D5D3}"
EndProject
Project("{E24C65DC-7377-472B-9ABA-BC803B73C61A}") = "WebstormProjects", "..\..\..\WebstormProjects\", "{C25688DD-2E41-484F-ADDE-CC6FEE32DB63}"
	ProjectSection(WebsiteProperties) = preProject
		TargetFrameworkMoniker = ".NETFramework,Version%3Dv4.0"
		Debug.AspNetCompiler.VirtualPath = "/localhost_64528"
		Debug.AspNetCompiler.PhysicalPath = "..\..\..\WebstormProjects\"
		Debug.AspNetCompiler.TargetPath = "PrecompiledWeb\localhost_64528\"
		Debug.AspNetCompiler.Updateable = "true"
		Debug.AspNetCompiler.ForceOverwrite = "true"
		Debug.AspNetCompiler.FixedNames = "false"
		Debug.AspNetCompiler.Debug = "True"
		Release.AspNetCompiler.VirtualPath = "/localhost_64528"
		Release.AspNetCompiler.PhysicalPath = "..\..\..\WebstormProjects\"
		Release.AspNetCompiler.TargetPath = "PrecompiledWeb\localhost_64528\"
		Release.AspNetCompiler.Updateable = "true"
		Release.AspNetCompiler.ForceOverwrite = "true"
		Release.AspNetCompiler.FixedNames = "false"
		Release.AspNetCompiler.Debug = "False"
		VWDPort = "64528"
		SlnRelativePath = "..\..\..\WebstormProjects\"
	EndProjectSection
EndProject
Global
	GlobalSection(SolutionConfigurationPlatforms) = preSolution
		Debug|Any CPU = Debug|Any CPU
		Release|Any CPU = Release|Any CPU
	EndGlobalSection
	GlobalSection(ProjectConfigurationPlatforms) = postSolution
		{4370E149-9EE7-4EC9-AAAB-7E8DA770D5D3}.Debug|Any CPU.ActiveCfg = Debug|Any CPU
		{4370E149-9EE7-4EC9-AAAB-7E8DA770D5D3}.Debug|Any CPU.Build.0 = Debug|Any CPU
		{4370E149-9EE7-4EC9-AAAB-7E8DA770D5D3}.Release|Any CPU.ActiveCfg = Release|Any CPU
		{4370E149-9EE7-4EC9-AAAB-7E8DA770D5D3}.Release|Any CPU.Build.0 = Release|Any CPU
		{C25688DD-2E41-484F-ADDE-CC6FEE32DB63}.Debug|Any CPU.ActiveCfg = Debug|Any CPU
		{C25688DD-2E41-484F-ADDE-CC6FEE32DB63}.Debug|Any CPU.Build.0 = Debug|Any CPU
		{C25688DD-2E41-484F-ADDE-CC6FEE32DB63}.Release|Any CPU.ActiveCfg = Debug|Any CPU
		{C25688DD-2E41-484F-ADDE-CC6FEE32DB63}.Release|Any CPU.Build.0 = Debug|Any CPU
	EndGlobalSection
	GlobalSection(SolutionProperties) = preSolution
		HideSolutionNode = FALSE
	EndGlobalSection
	GlobalSection(ExtensibilityGlobals) = postSolution
		SolutionGuid = {80A26089-ADBA-4B22-8C10-03D149D424EB}
	EndGlobalSection
EndGlobal
